
Microsoft Visual Studio Solution File, Format Version 12.00
# Visual Studio Version 17
VisualStudioVersion = 17.11.35312.102
MinimumVisualStudioVersion = 10.0.40219.1
Project("{9A19103F-16F7-4668-BE54-9A1E7A4F7556}") = "KNSoft.Precomp4C", "KNSoft.Precomp4C.csproj", "{687F6D79-F444-43BC-BA92-7C32DA448482}"
EndProject
Global
	GlobalSection(SolutionConfigurationPlatforms) = preSolution
		Debug|Any CPU = Debug|Any CPU
		Release|Any CPU = Release|Any CPU
	EndGlobalSection
	GlobalSection(ProjectConfigurationPlatforms) = postSolution
		{687F6D79-F444-43BC-BA92-7C32DA448482}.Debug|Any CPU.ActiveCfg = Debug|Any CPU
		{687F6D79-F444-43BC-BA92-7C32DA448482}.Debug|Any CPU.Build.0 = Debug|Any CPU
		{687F6D79-F444-43BC-BA92-7C32DA448482}.Release|Any CPU.ActiveCfg = Release|Any CPU
		{687F6D79-F444-43BC-BA92-7C32DA448482}.Release|Any CPU.Build.0 = Release|Any CPU
	EndGlobalSection
	GlobalSection(SolutionProperties) = preSolution
		HideSolutionNode = FALSE
	EndGlobalSection
	GlobalSection(ExtensibilityGlobals) = postSolution
		SolutionGuid = {BC957E36-247A-4AAA-B8BF-38869ECE583A}
	EndGlobalSection
EndGlobal
